
Microsoft Visual Studio Solution File, Format Version 12.00
# Visual Studio Version 17
VisualStudioVersion = 17.1.32414.318
MinimumVisualStudioVersion = 10.0.40219.1
Project("{FAE04EC0-301F-11D3-BF4B-00C04F79EFBC}") = "BulkNameChanger", "BulkNameChanger.csproj", "{C1D0A26D-1B57-4E82-981F-A8D3A9478281}"
EndProject
Global
	GlobalSection(SolutionConfigurationPlatforms) = preSolution
		Debug|Any CPU = Debug|Any CPU
		Release|Any CPU = Release|Any CPU
	EndGlobalSection
	GlobalSection(ProjectConfigurationPlatforms) = postSolution
		{C1D0A26D-1B57-4E82-981F-A8D3A9478281}.Debug|Any CPU.ActiveCfg = Debug|Any CPU
		{C1D0A26D-1B57-4E82-981F-A8D3A9478281}.Debug|Any CPU.Build.0 = Debug|Any CPU
		{C1D0A26D-1B57-4E82-981F-A8D3A9478281}.Release|Any CPU.ActiveCfg = Release|Any CPU
		{C1D0A26D-1B57-4E82-981F-A8D3A9478281}.Release|Any CPU.Build.0 = Release|Any CPU
	EndGlobalSection
	GlobalSection(SolutionProperties) = preSolution
		HideSolutionNode = FALSE
	EndGlobalSection
	GlobalSection(ExtensibilityGlobals) = postSolution
		SolutionGuid = {7D45FBEF-A732-4486-A21B-5DF84617101A}
	EndGlobalSection
EndGlobal
